
Microsoft Visual Studio Solution File, Format Version 12.00
# Visual Studio Version 17
VisualStudioVersion = 17.4.33103.184
MinimumVisualStudioVersion = 10.0.40219.1
Project("{9A19103F-16F7-4668-BE54-9A1E7A4F7556}") = "RecipeProject.WPF", "RecipeProject.WPF\RecipeProject.WPF.csproj", "{A2630069-9866-4593-93BF-B1938397A967}"
EndProject
Global
	GlobalSection(SolutionConfigurationPlatforms) = preSolution
		Debug|Any CPU = Debug|Any CPU
		Release|Any CPU = Release|Any CPU
	EndGlobalSection
	GlobalSection(ProjectConfigurationPlatforms) = postSolution
		{A2630069-9866-4593-93BF-B1938397A967}.Debug|Any CPU.ActiveCfg = Debug|Any CPU
		{A2630069-9866-4593-93BF-B1938397A967}.Debug|Any CPU.Build.0 = Debug|Any CPU
		{A2630069-9866-4593-93BF-B1938397A967}.Release|Any CPU.ActiveCfg = Release|Any CPU
		{A2630069-9866-4593-93BF-B1938397A967}.Release|Any CPU.Build.0 = Release|Any CPU
	EndGlobalSection
	GlobalSection(SolutionProperties) = preSolution
		HideSolutionNode = FALSE
	EndGlobalSection
	GlobalSection(ExtensibilityGlobals) = postSolution
		SolutionGuid = {D650BB00-479F-46EC-AB72-E8241C3C1EEA}
	EndGlobalSection
EndGlobal
